
Microsoft Visual Studio Solution File, Format Version 12.00
# Visual Studio Version 16
VisualStudioVersion = 16.0.29728.190
MinimumVisualStudioVersion = 10.0.40219.1
Project("{FAE04EC0-301F-11D3-BF4B-00C04F79EFBC}") = "RegistroDetalle", "RegistroDetalle\RegistroDetalle.csproj", "{689CB8AC-CE5A-49CC-B934-4F015062423D}"
EndProject
Global
	GlobalSection(SolutionConfigurationPlatforms) = preSolution
		Debug|Any CPU = Debug|Any CPU
		Release|Any CPU = Release|Any CPU
	EndGlobalSection
	GlobalSection(ProjectConfigurationPlatforms) = postSolution
		{689CB8AC-CE5A-49CC-B934-4F015062423D}.Debug|Any CPU.ActiveCfg = Debug|Any CPU
		{689CB8AC-CE5A-49CC-B934-4F015062423D}.Debug|Any CPU.Build.0 = Debug|Any CPU
		{689CB8AC-CE5A-49CC-B934-4F015062423D}.Release|Any CPU.ActiveCfg = Release|Any CPU
		{689CB8AC-CE5A-49CC-B934-4F015062423D}.Release|Any CPU.Build.0 = Release|Any CPU
	EndGlobalSection
	GlobalSection(SolutionProperties) = preSolution
		HideSolutionNode = FALSE
	EndGlobalSection
	GlobalSection(ExtensibilityGlobals) = postSolution
		SolutionGuid = {A328832C-280A-4B55-A3BE-F607E07EB045}
	EndGlobalSection
EndGlobal
